
Microsoft Visual Studio Solution File, Format Version 12.00
# Visual Studio Version 17
VisualStudioVersion = 17.0.31903.59
MinimumVisualStudioVersion = 10.0.40219.1
Project("{FAE04EC0-301F-11D3-BF4B-00C04F79EFBC}") = "CartService.Api", "CartService.Api\CartService.Api.csproj", "{D6925D6D-0FE2-4A12-B9AD-3F712E1840D1}"
EndProject
Project("{FAE04EC0-301F-11D3-BF4B-00C04F79EFBC}") = "CartService.Domain", "CartService.Domain\CartService.Domain.csproj", "{EA845667-55F5-4365-A8D4-8D5F1130C12E}"
EndProject
Project("{FAE04EC0-301F-11D3-BF4B-00C04F79EFBC}") = "CartService.Application", "CartService.Application\CartService.Application.csproj", "{B10E92E0-63A1-42B5-8BA2-8C79A8A99506}"
EndProject
Project("{FAE04EC0-301F-11D3-BF4B-00C04F79EFBC}") = "CartService.Infrastructure", "CartService.Infrastructure\CartService.Infrastructure.csproj", "{B4C5DC27-3E27-4B64-9B3D-446753EA636C}"
EndProject
Project("{FAE04EC0-301F-11D3-BF4B-00C04F79EFBC}") = "Shared", "..\Shared\Shared.csproj", "{F1E9F8E9-9A6C-4B72-9621-449D92C21C2E}"
EndProject
Global
	GlobalSection(SolutionConfigurationPlatforms) = preSolution
		Debug|Any CPU = Debug|Any CPU
		Debug|x64 = Debug|x64
		Debug|x86 = Debug|x86
		Release|Any CPU = Release|Any CPU
		Release|x64 = Release|x64
		Release|x86 = Release|x86
	EndGlobalSection
	GlobalSection(ProjectConfigurationPlatforms) = postSolution
		{D6925D6D-0FE2-4A12-B9AD-3F712E1840D1}.Debug|Any CPU.ActiveCfg = Debug|Any CPU
		{D6925D6D-0FE2-4A12-B9AD-3F712E1840D1}.Debug|Any CPU.Build.0 = Debug|Any CPU
		{D6925D6D-0FE2-4A12-B9AD-3F712E1840D1}.Debug|x64.ActiveCfg = Debug|Any CPU
		{D6925D6D-0FE2-4A12-B9AD-3F712E1840D1}.Debug|x64.Build.0 = Debug|Any CPU
		{D6925D6D-0FE2-4A12-B9AD-3F712E1840D1}.Debug|x86.ActiveCfg = Debug|Any CPU
		{D6925D6D-0FE2-4A12-B9AD-3F712E1840D1}.Debug|x86.Build.0 = Debug|Any CPU
		{D6925D6D-0FE2-4A12-B9AD-3F712E1840D1}.Release|Any CPU.ActiveCfg = Release|Any CPU
		{D6925D6D-0FE2-4A12-B9AD-3F712E1840D1}.Release|Any CPU.Build.0 = Release|Any CPU
		{D6925D6D-0FE2-4A12-B9AD-3F712E1840D1}.Release|x64.ActiveCfg = Release|Any CPU
		{D6925D6D-0FE2-4A12-B9AD-3F712E1840D1}.Release|x64.Build.0 = Release|Any CPU
		{D6925D6D-0FE2-4A12-B9AD-3F712E1840D1}.Release|x86.ActiveCfg = Release|Any CPU
		{D6925D6D-0FE2-4A12-B9AD-3F712E1840D1}.Release|x86.Build.0 = Release|Any CPU
		{EA845667-55F5-4365-A8D4-8D5F1130C12E}.Debug|Any CPU.ActiveCfg = Debug|Any CPU
		{EA845667-55F5-4365-A8D4-8D5F1130C12E}.Debug|Any CPU.Build.0 = Debug|Any CPU
		{EA845667-55F5-4365-A8D4-8D5F1130C12E}.Debug|x64.ActiveCfg = Debug|Any CPU
		{EA845667-55F5-4365-A8D4-8D5F1130C12E}.Debug|x64.Build.0 = Debug|Any CPU
		{EA845667-55F5-4365-A8D4-8D5F1130C12E}.Debug|x86.ActiveCfg = Debug|Any CPU
		{EA845667-55F5-4365-A8D4-8D5F1130C12E}.Debug|x86.Build.0 = Debug|Any CPU
		{EA845667-55F5-4365-A8D4-8D5F1130C12E}.Release|Any CPU.ActiveCfg = Release|Any CPU
		{EA845667-55F5-4365-A8D4-8D5F1130C12E}.Release|Any CPU.Build.0 = Release|Any CPU
		{EA845667-55F5-4365-A8D4-8D5F1130C12E}.Release|x64.ActiveCfg = Release|Any CPU
		{EA845667-55F5-4365-A8D4-8D5F1130C12E}.Release|x64.Build.0 = Release|Any CPU
		{EA845667-55F5-4365-A8D4-8D5F1130C12E}.Release|x86.ActiveCfg = Release|Any CPU
		{EA845667-55F5-4365-A8D4-8D5F1130C12E}.Release|x86.Build.0 = Release|Any CPU
		{B10E92E0-63A1-42B5-8BA2-8C79A8A99506}.Debug|Any CPU.ActiveCfg = Debug|Any CPU
		{B10E92E0-63A1-42B5-8BA2-8C79A8A99506}.Debug|Any CPU.Build.0 = Debug|Any CPU
		{B10E92E0-63A1-42B5-8BA2-8C79A8A99506}.Debug|x64.ActiveCfg = Debug|Any CPU
		{B10E92E0-63A1-42B5-8BA2-8C79A8A99506}.Debug|x64.Build.0 = Debug|Any CPU
		{B10E92E0-63A1-42B5-8BA2-8C79A8A99506}.Debug|x86.ActiveCfg = Debug|Any CPU
		{B10E92E0-63A1-42B5-8BA2-8C79A8A99506}.Debug|x86.Build.0 = Debug|Any CPU
		{B10E92E0-63A1-42B5-8BA2-8C79A8A99506}.Release|Any CPU.ActiveCfg = Release|Any CPU
		{B10E92E0-63A1-42B5-8BA2-8C79A8A99506}.Release|Any CPU.Build.0 = Release|Any CPU
		{B10E92E0-63A1-42B5-8BA2-8C79A8A99506}.Release|x64.ActiveCfg = Release|Any CPU
		{B10E92E0-63A1-42B5-8BA2-8C79A8A99506}.Release|x64.Build.0 = Release|Any CPU
		{B10E92E0-63A1-42B5-8BA2-8C79A8A99506}.Release|x86.ActiveCfg = Release|Any CPU
		{B10E92E0-63A1-42B5-8BA2-8C79A8A99506}.Release|x86.Build.0 = Release|Any CPU
		{B4C5DC27-3E27-4B64-9B3D-446753EA636C}.Debug|Any CPU.ActiveCfg = Debug|Any CPU
		{B4C5DC27-3E27-4B64-9B3D-446753EA636C}.Debug|Any CPU.Build.0 = Debug|Any CPU
		{B4C5DC27-3E27-4B64-9B3D-446753EA636C}.Debug|x64.ActiveCfg = Debug|Any CPU
		{B4C5DC27-3E27-4B64-9B3D-446753EA636C}.Debug|x64.Build.0 = Debug|Any CPU
		{B4C5DC27-3E27-4B64-9B3D-446753EA636C}.Debug|x86.ActiveCfg = Debug|Any CPU
		{B4C5DC27-3E27-4B64-9B3D-446753EA636C}.Debug|x86.Build.0 = Debug|Any CPU
		{B4C5DC27-3E27-4B64-9B3D-446753EA636C}.Release|Any CPU.ActiveCfg = Release|Any CPU
		{B4C5DC27-3E27-4B64-9B3D-446753EA636C}.Release|Any CPU.Build.0 = Release|Any CPU
		{B4C5DC27-3E27-4B64-9B3D-446753EA636C}.Release|x64.ActiveCfg = Release|Any CPU
		{B4C5DC27-3E27-4B64-9B3D-446753EA636C}.Release|x64.Build.0 = Release|Any CPU
		{B4C5DC27-3E27-4B64-9B3D-446753EA636C}.Release|x86.ActiveCfg = Release|Any CPU
		{B4C5DC27-3E27-4B64-9B3D-446753EA636C}.Release|x86.Build.0 = Release|Any CPU
		{F1E9F8E9-9A6C-4B72-9621-449D92C21C2E}.Debug|Any CPU.ActiveCfg = Debug|Any CPU
		{F1E9F8E9-9A6C-4B72-9621-449D92C21C2E}.Debug|Any CPU.Build.0 = Debug|Any CPU
		{F1E9F8E9-9A6C-4B72-9621-449D92C21C2E}.Debug|x64.ActiveCfg = Debug|Any CPU
		{F1E9F8E9-9A6C-4B72-9621-449D92C21C2E}.Debug|x64.Build.0 = Debug|Any CPU
		{F1E9F8E9-9A6C-4B72-9621-449D92C21C2E}.Debug|x86.ActiveCfg = Debug|Any CPU
		{F1E9F8E9-9A6C-4B72-9621-449D92C21C2E}.Debug|x86.Build.0 = Debug|Any CPU
		{F1E9F8E9-9A6C-4B72-9621-449D92C21C2E}.Release|Any CPU.ActiveCfg = Release|Any CPU
		{F1E9F8E9-9A6C-4B72-9621-449D92C21C2E}.Release|Any CPU.Build.0 = Release|Any CPU
		{F1E9F8E9-9A6C-4B72-9621-449D92C21C2E}.Release|x64.ActiveCfg = Release|Any CPU
		{F1E9F8E9-9A6C-4B72-9621-449D92C21C2E}.Release|x64.Build.0 = Release|Any CPU
		{F1E9F8E9-9A6C-4B72-9621-449D92C21C2E}.Release|x86.ActiveCfg = Release|Any CPU
		{F1E9F8E9-9A6C-4B72-9621-449D92C21C2E}.Release|x86.Build.0 = Release|Any CPU
	EndGlobalSection
	GlobalSection(SolutionProperties) = preSolution
		HideSolutionNode = FALSE
	EndGlobalSection
	GlobalSection(ExtensibilityGlobals) = postSolution
		SolutionGuid = {AC5C9955-42F7-49E1-841F-481A2784954F}
	EndGlobalSection
EndGlobal
