Microsoft Visual Studio Solution File, Format Version 12.00
# Visual Studio Version 17
VisualStudioVersion = 17.5.2.0
MinimumVisualStudioVersion = 10.0.40219.1
Project("{FAE04EC0-301F-11D3-BF4B-00C04F79EFBC}") = "IdentityService.Domain", "IdentityService.Domain.csproj", "{C33F5ABB-1988-9134-2A04-B6A9AEDDC280}"
EndProject
Global
	GlobalSection(SolutionConfigurationPlatforms) = preSolution
		Debug|Any CPU = Debug|Any CPU
		Release|Any CPU = Release|Any CPU
	EndGlobalSection
	GlobalSection(ProjectConfigurationPlatforms) = postSolution
		{C33F5ABB-1988-9134-2A04-B6A9AEDDC280}.Debug|Any CPU.ActiveCfg = Debug|Any CPU
		{C33F5ABB-1988-9134-2A04-B6A9AEDDC280}.Debug|Any CPU.Build.0 = Debug|Any CPU
		{C33F5ABB-1988-9134-2A04-B6A9AEDDC280}.Release|Any CPU.ActiveCfg = Release|Any CPU
		{C33F5ABB-1988-9134-2A04-B6A9AEDDC280}.Release|Any CPU.Build.0 = Release|Any CPU
	EndGlobalSection
	GlobalSection(SolutionProperties) = preSolution
		HideSolutionNode = FALSE
	EndGlobalSection
	GlobalSection(ExtensibilityGlobals) = postSolution
		SolutionGuid = {84B1B4C0-1D8B-4D55-B270-B6C3EF1ED500}
	EndGlobalSection
EndGlobal
